
Microsoft Visual Studio Solution File, Format Version 12.00
# Visual Studio Version 17
VisualStudioVersion = 17.11.35222.181
MinimumVisualStudioVersion = 10.0.40219.1
Project("{FAE04EC0-301F-11D3-BF4B-00C04F79EFBC}") = "CC_Lab2", "CC_Lab2.csproj", "{2D7C6BDB-5ACB-4BDA-9A42-79EDE0E09DC6}"
EndProject
Global
	GlobalSection(SolutionConfigurationPlatforms) = preSolution
		Debug|Any CPU = Debug|Any CPU
		Release|Any CPU = Release|Any CPU
	EndGlobalSection
	GlobalSection(ProjectConfigurationPlatforms) = postSolution
		{2D7C6BDB-5ACB-4BDA-9A42-79EDE0E09DC6}.Debug|Any CPU.ActiveCfg = Debug|Any CPU
		{2D7C6BDB-5ACB-4BDA-9A42-79EDE0E09DC6}.Debug|Any CPU.Build.0 = Debug|Any CPU
		{2D7C6BDB-5ACB-4BDA-9A42-79EDE0E09DC6}.Release|Any CPU.ActiveCfg = Release|Any CPU
		{2D7C6BDB-5ACB-4BDA-9A42-79EDE0E09DC6}.Release|Any CPU.Build.0 = Release|Any CPU
	EndGlobalSection
	GlobalSection(SolutionProperties) = preSolution
		HideSolutionNode = FALSE
	EndGlobalSection
	GlobalSection(ExtensibilityGlobals) = postSolution
		SolutionGuid = {42938E87-34EC-4E29-8286-F8F3A77B0C34}
	EndGlobalSection
EndGlobal
