
Microsoft Visual Studio Solution File, Format Version 12.00
# Visual Studio Version 17
VisualStudioVersion = 17.11.35222.181
MinimumVisualStudioVersion = 10.0.40219.1
Project("{FAE04EC0-301F-11D3-BF4B-00C04F79EFBC}") = "Task2", "Task2.csproj", "{4A81FA7C-A37A-4366-B291-3E324367D314}"
EndProject
Project("{FAE04EC0-301F-11D3-BF4B-00C04F79EFBC}") = "Task3", "..\Task3\Task3.csproj", "{C7E10F70-6A2D-4F7E-92E3-9D58590BDCA7}"
EndProject
Project("{FAE04EC0-301F-11D3-BF4B-00C04F79EFBC}") = "Task1", "..\Task1\Task1.csproj", "{C5B9652E-427C-4F2E-9C21-DC07F7F70813}"
EndProject
Global
	GlobalSection(SolutionConfigurationPlatforms) = preSolution
		Debug|Any CPU = Debug|Any CPU
		Release|Any CPU = Release|Any CPU
	EndGlobalSection
	GlobalSection(ProjectConfigurationPlatforms) = postSolution
		{4A81FA7C-A37A-4366-B291-3E324367D314}.Debug|Any CPU.ActiveCfg = Debug|Any CPU
		{4A81FA7C-A37A-4366-B291-3E324367D314}.Debug|Any CPU.Build.0 = Debug|Any CPU
		{4A81FA7C-A37A-4366-B291-3E324367D314}.Release|Any CPU.ActiveCfg = Release|Any CPU
		{4A81FA7C-A37A-4366-B291-3E324367D314}.Release|Any CPU.Build.0 = Release|Any CPU
		{C7E10F70-6A2D-4F7E-92E3-9D58590BDCA7}.Debug|Any CPU.ActiveCfg = Debug|Any CPU
		{C7E10F70-6A2D-4F7E-92E3-9D58590BDCA7}.Debug|Any CPU.Build.0 = Debug|Any CPU
		{C7E10F70-6A2D-4F7E-92E3-9D58590BDCA7}.Release|Any CPU.ActiveCfg = Release|Any CPU
		{C7E10F70-6A2D-4F7E-92E3-9D58590BDCA7}.Release|Any CPU.Build.0 = Release|Any CPU
		{C5B9652E-427C-4F2E-9C21-DC07F7F70813}.Debug|Any CPU.ActiveCfg = Debug|Any CPU
		{C5B9652E-427C-4F2E-9C21-DC07F7F70813}.Debug|Any CPU.Build.0 = Debug|Any CPU
		{C5B9652E-427C-4F2E-9C21-DC07F7F70813}.Release|Any CPU.ActiveCfg = Release|Any CPU
		{C5B9652E-427C-4F2E-9C21-DC07F7F70813}.Release|Any CPU.Build.0 = Release|Any CPU
	EndGlobalSection
	GlobalSection(SolutionProperties) = preSolution
		HideSolutionNode = FALSE
	EndGlobalSection
	GlobalSection(ExtensibilityGlobals) = postSolution
		SolutionGuid = {4B3545EF-FA7C-419F-A2B9-26E325EBB41D}
	EndGlobalSection
EndGlobal
